
Microsoft Visual Studio Solution File, Format Version 12.00
# Visual Studio Version 16
VisualStudioVersion = 16.0.30225.117
MinimumVisualStudioVersion = 10.0.40219.1
Project("{FAE04EC0-301F-11D3-BF4B-00C04F79EFBC}") = "Homework1", "Homework1\Homework1.csproj", "{7307CA82-5B57-4A7D-80D7-3C91E7B5EC06}"
EndProject
Project("{FAE04EC0-301F-11D3-BF4B-00C04F79EFBC}") = "Homework2", "Homework2\Homework2.csproj", "{0D923831-04C7-4796-AA3F-1F7D175E9766}"
EndProject
Project("{2150E333-8FDC-42A3-9474-1A3956D46DE8}") = "Homework2", "Homework2", "{85258392-BD13-447C-A16C-E81EAF4F44FD}"
EndProject
Project("{FAE04EC0-301F-11D3-BF4B-00C04F79EFBC}") = "GameAsteroid", "GameAsteroid\GameAsteroid.csproj", "{1A5B8179-E685-4731-9637-3C651895CAA3}"
EndProject
Project("{2150E333-8FDC-42A3-9474-1A3956D46DE8}") = "Homework3", "Homework3", "{8590D6FD-2543-4453-9EDC-3C25E77706EB}"
EndProject
Project("{2150E333-8FDC-42A3-9474-1A3956D46DE8}") = "Homework1", "Homework1", "{3BB17D5F-A48D-4EC7-A444-20B06D242AF4}"
EndProject
Project("{FAE04EC0-301F-11D3-BF4B-00C04F79EFBC}") = "Lesson3", "Lesson3\Lesson3.csproj", "{955F87E1-848E-4596-AAA2-0D17A64F9342}"
EndProject
Project("{2150E333-8FDC-42A3-9474-1A3956D46DE8}") = "Homework4", "Homework4", "{DD6E80C2-A4E4-47AE-8FE3-1C10039F4E48}"
EndProject
Project("{FAE04EC0-301F-11D3-BF4B-00C04F79EFBC}") = "Lesson4", "Lesson4\Lesson4.csproj", "{F631F19B-4B99-45F3-B918-7446036EFB3C}"
EndProject
Global
	GlobalSection(SolutionConfigurationPlatforms) = preSolution
		Debug|Any CPU = Debug|Any CPU
		Release|Any CPU = Release|Any CPU
	EndGlobalSection
	GlobalSection(ProjectConfigurationPlatforms) = postSolution
		{7307CA82-5B57-4A7D-80D7-3C91E7B5EC06}.Debug|Any CPU.ActiveCfg = Debug|Any CPU
		{7307CA82-5B57-4A7D-80D7-3C91E7B5EC06}.Debug|Any CPU.Build.0 = Debug|Any CPU
		{7307CA82-5B57-4A7D-80D7-3C91E7B5EC06}.Release|Any CPU.ActiveCfg = Release|Any CPU
		{7307CA82-5B57-4A7D-80D7-3C91E7B5EC06}.Release|Any CPU.Build.0 = Release|Any CPU
		{0D923831-04C7-4796-AA3F-1F7D175E9766}.Debug|Any CPU.ActiveCfg = Debug|Any CPU
		{0D923831-04C7-4796-AA3F-1F7D175E9766}.Debug|Any CPU.Build.0 = Debug|Any CPU
		{0D923831-04C7-4796-AA3F-1F7D175E9766}.Release|Any CPU.ActiveCfg = Release|Any CPU
		{0D923831-04C7-4796-AA3F-1F7D175E9766}.Release|Any CPU.Build.0 = Release|Any CPU
		{1A5B8179-E685-4731-9637-3C651895CAA3}.Debug|Any CPU.ActiveCfg = Debug|Any CPU
		{1A5B8179-E685-4731-9637-3C651895CAA3}.Debug|Any CPU.Build.0 = Debug|Any CPU
		{1A5B8179-E685-4731-9637-3C651895CAA3}.Release|Any CPU.ActiveCfg = Release|Any CPU
		{1A5B8179-E685-4731-9637-3C651895CAA3}.Release|Any CPU.Build.0 = Release|Any CPU
		{955F87E1-848E-4596-AAA2-0D17A64F9342}.Debug|Any CPU.ActiveCfg = Debug|Any CPU
		{955F87E1-848E-4596-AAA2-0D17A64F9342}.Debug|Any CPU.Build.0 = Debug|Any CPU
		{955F87E1-848E-4596-AAA2-0D17A64F9342}.Release|Any CPU.ActiveCfg = Release|Any CPU
		{955F87E1-848E-4596-AAA2-0D17A64F9342}.Release|Any CPU.Build.0 = Release|Any CPU
		{F631F19B-4B99-45F3-B918-7446036EFB3C}.Debug|Any CPU.ActiveCfg = Debug|Any CPU
		{F631F19B-4B99-45F3-B918-7446036EFB3C}.Debug|Any CPU.Build.0 = Debug|Any CPU
		{F631F19B-4B99-45F3-B918-7446036EFB3C}.Release|Any CPU.ActiveCfg = Release|Any CPU
		{F631F19B-4B99-45F3-B918-7446036EFB3C}.Release|Any CPU.Build.0 = Release|Any CPU
	EndGlobalSection
	GlobalSection(SolutionProperties) = preSolution
		HideSolutionNode = FALSE
	EndGlobalSection
	GlobalSection(NestedProjects) = preSolution
		{7307CA82-5B57-4A7D-80D7-3C91E7B5EC06} = {3BB17D5F-A48D-4EC7-A444-20B06D242AF4}
		{0D923831-04C7-4796-AA3F-1F7D175E9766} = {85258392-BD13-447C-A16C-E81EAF4F44FD}
		{1A5B8179-E685-4731-9637-3C651895CAA3} = {DD6E80C2-A4E4-47AE-8FE3-1C10039F4E48}
		{955F87E1-848E-4596-AAA2-0D17A64F9342} = {8590D6FD-2543-4453-9EDC-3C25E77706EB}
		{F631F19B-4B99-45F3-B918-7446036EFB3C} = {DD6E80C2-A4E4-47AE-8FE3-1C10039F4E48}
	EndGlobalSection
	GlobalSection(ExtensibilityGlobals) = postSolution
		SolutionGuid = {DE97EF8E-544D-4BAA-8E00-C4170DA5BC62}
	EndGlobalSection
EndGlobal
