
Microsoft Visual Studio Solution File, Format Version 12.00
# Visual Studio Version 16
VisualStudioVersion = 16.0.30225.117
MinimumVisualStudioVersion = 10.0.40219.1
Project("{FAE04EC0-301F-11D3-BF4B-00C04F79EFBC}") = "Homework1", "Homework1\Homework1.csproj", "{7307CA82-5B57-4A7D-80D7-3C91E7B5EC06}"
EndProject
Project("{FAE04EC0-301F-11D3-BF4B-00C04F79EFBC}") = "Homework2", "Homework2\Homework2.csproj", "{0D923831-04C7-4796-AA3F-1F7D175E9766}"
EndProject
Global
	GlobalSection(SolutionConfigurationPlatforms) = preSolution
		Debug|Any CPU = Debug|Any CPU
		Release|Any CPU = Release|Any CPU
	EndGlobalSection
	GlobalSection(ProjectConfigurationPlatforms) = postSolution
		{7307CA82-5B57-4A7D-80D7-3C91E7B5EC06}.Debug|Any CPU.ActiveCfg = Debug|Any CPU
		{7307CA82-5B57-4A7D-80D7-3C91E7B5EC06}.Debug|Any CPU.Build.0 = Debug|Any CPU
		{7307CA82-5B57-4A7D-80D7-3C91E7B5EC06}.Release|Any CPU.ActiveCfg = Release|Any CPU
		{7307CA82-5B57-4A7D-80D7-3C91E7B5EC06}.Release|Any CPU.Build.0 = Release|Any CPU
		{0D923831-04C7-4796-AA3F-1F7D175E9766}.Debug|Any CPU.ActiveCfg = Debug|Any CPU
		{0D923831-04C7-4796-AA3F-1F7D175E9766}.Debug|Any CPU.Build.0 = Debug|Any CPU
		{0D923831-04C7-4796-AA3F-1F7D175E9766}.Release|Any CPU.ActiveCfg = Release|Any CPU
		{0D923831-04C7-4796-AA3F-1F7D175E9766}.Release|Any CPU.Build.0 = Release|Any CPU
	EndGlobalSection
	GlobalSection(SolutionProperties) = preSolution
		HideSolutionNode = FALSE
	EndGlobalSection
	GlobalSection(ExtensibilityGlobals) = postSolution
		SolutionGuid = {DE97EF8E-544D-4BAA-8E00-C4170DA5BC62}
	EndGlobalSection
EndGlobal
